
Microsoft Visual Studio Solution File, Format Version 12.00
# Visual Studio 14
VisualStudioVersion = 14.0.25123.0
MinimumVisualStudioVersion = 10.0.40219.1
Project("{FAE04EC0-301F-11D3-BF4B-00C04F79EFBC}") = "WebApi.OutputCache.Redis", "WebApi.OutputCache.Redis\WebApi.OutputCache.Redis.csproj", "{7CCF8F32-B308-4CD0-AA13-76F432A0097D}"
EndProject
Project("{FAE04EC0-301F-11D3-BF4B-00C04F79EFBC}") = "WebApi.OutputCache.Redis.Tests", "WebApi.OutputCache.Redis.Tests\WebApi.OutputCache.Redis.Tests.csproj", "{47A90017-7A35-41CD-8A0F-BAD1ECFB30D3}"
EndProject
Project("{2150E333-8FDC-42A3-9474-1A3956D46DE8}") = "Solution", "Solution", "{25ABF1C2-C49B-44E0-BD80-7E0419E06730}"
	ProjectSection(SolutionItems) = preProject
		build.cmd = build.cmd
		license.txt = license.txt
		WebApi.OutputCache.Redis\WebApi.OutputCache.Redis.nuspec = WebApi.OutputCache.Redis\WebApi.OutputCache.Redis.nuspec
	EndProjectSection
EndProject
Global
	GlobalSection(SolutionConfigurationPlatforms) = preSolution
		Debug|Any CPU = Debug|Any CPU
		Release|Any CPU = Release|Any CPU
	EndGlobalSection
	GlobalSection(ProjectConfigurationPlatforms) = postSolution
		{7CCF8F32-B308-4CD0-AA13-76F432A0097D}.Debug|Any CPU.ActiveCfg = Debug|Any CPU
		{7CCF8F32-B308-4CD0-AA13-76F432A0097D}.Debug|Any CPU.Build.0 = Debug|Any CPU
		{7CCF8F32-B308-4CD0-AA13-76F432A0097D}.Release|Any CPU.ActiveCfg = Release|Any CPU
		{7CCF8F32-B308-4CD0-AA13-76F432A0097D}.Release|Any CPU.Build.0 = Release|Any CPU
		{47A90017-7A35-41CD-8A0F-BAD1ECFB30D3}.Debug|Any CPU.ActiveCfg = Debug|Any CPU
		{47A90017-7A35-41CD-8A0F-BAD1ECFB30D3}.Debug|Any CPU.Build.0 = Debug|Any CPU
		{47A90017-7A35-41CD-8A0F-BAD1ECFB30D3}.Release|Any CPU.ActiveCfg = Release|Any CPU
		{47A90017-7A35-41CD-8A0F-BAD1ECFB30D3}.Release|Any CPU.Build.0 = Release|Any CPU
	EndGlobalSection
	GlobalSection(SolutionProperties) = preSolution
		HideSolutionNode = FALSE
	EndGlobalSection
EndGlobal
